
Microsoft Visual Studio Solution File, Format Version 12.00
# Visual Studio Version 17
VisualStudioVersion = 17.7.34202.233
MinimumVisualStudioVersion = 10.0.40219.1
Project("{FAE04EC0-301F-11D3-BF4B-00C04F79EFBC}") = "StructureApp", "StructureApp\StructureApp.csproj", "{4CFED034-AA92-4C75-BAA6-92D2F4250426}"
EndProject
Global
	GlobalSection(SolutionConfigurationPlatforms) = preSolution
		Debug|Any CPU = Debug|Any CPU
		Release|Any CPU = Release|Any CPU
	EndGlobalSection
	GlobalSection(ProjectConfigurationPlatforms) = postSolution
		{4CFED034-AA92-4C75-BAA6-92D2F4250426}.Debug|Any CPU.ActiveCfg = Debug|Any CPU
		{4CFED034-AA92-4C75-BAA6-92D2F4250426}.Debug|Any CPU.Build.0 = Debug|Any CPU
		{4CFED034-AA92-4C75-BAA6-92D2F4250426}.Release|Any CPU.ActiveCfg = Release|Any CPU
		{4CFED034-AA92-4C75-BAA6-92D2F4250426}.Release|Any CPU.Build.0 = Release|Any CPU
	EndGlobalSection
	GlobalSection(SolutionProperties) = preSolution
		HideSolutionNode = FALSE
	EndGlobalSection
	GlobalSection(ExtensibilityGlobals) = postSolution
		SolutionGuid = {EA4B0217-6192-4E92-A11E-86ACEA45C7D2}
	EndGlobalSection
EndGlobal
