
Microsoft Visual Studio Solution File, Format Version 12.00
# Visual Studio Version 17
VisualStudioVersion = 17.7.34202.233
MinimumVisualStudioVersion = 10.0.40219.1
Project("{FAE04EC0-301F-11D3-BF4B-00C04F79EFBC}") = "ExtensionMethodApp", "ExtensionMethodApp\ExtensionMethodApp.csproj", "{C782171A-BDE8-4C6B-9407-5E894B7F9D65}"
EndProject
Global
	GlobalSection(SolutionConfigurationPlatforms) = preSolution
		Debug|Any CPU = Debug|Any CPU
		Release|Any CPU = Release|Any CPU
	EndGlobalSection
	GlobalSection(ProjectConfigurationPlatforms) = postSolution
		{C782171A-BDE8-4C6B-9407-5E894B7F9D65}.Debug|Any CPU.ActiveCfg = Debug|Any CPU
		{C782171A-BDE8-4C6B-9407-5E894B7F9D65}.Debug|Any CPU.Build.0 = Debug|Any CPU
		{C782171A-BDE8-4C6B-9407-5E894B7F9D65}.Release|Any CPU.ActiveCfg = Release|Any CPU
		{C782171A-BDE8-4C6B-9407-5E894B7F9D65}.Release|Any CPU.Build.0 = Release|Any CPU
	EndGlobalSection
	GlobalSection(SolutionProperties) = preSolution
		HideSolutionNode = FALSE
	EndGlobalSection
	GlobalSection(ExtensibilityGlobals) = postSolution
		SolutionGuid = {7C39B8D0-D689-421D-9346-81ED5DDCB2BD}
	EndGlobalSection
EndGlobal
