
Microsoft Visual Studio Solution File, Format Version 12.00
# Visual Studio Version 17
VisualStudioVersion = 17.7.34202.233
MinimumVisualStudioVersion = 10.0.40219.1
Project("{FAE04EC0-301F-11D3-BF4B-00C04F79EFBC}") = "ThisPointerApp", "ThisPointerApp\ThisPointerApp.csproj", "{4238D7E5-6CB6-43C5-B20E-26D674C34C6E}"
EndProject
Global
	GlobalSection(SolutionConfigurationPlatforms) = preSolution
		Debug|Any CPU = Debug|Any CPU
		Release|Any CPU = Release|Any CPU
	EndGlobalSection
	GlobalSection(ProjectConfigurationPlatforms) = postSolution
		{4238D7E5-6CB6-43C5-B20E-26D674C34C6E}.Debug|Any CPU.ActiveCfg = Debug|Any CPU
		{4238D7E5-6CB6-43C5-B20E-26D674C34C6E}.Debug|Any CPU.Build.0 = Debug|Any CPU
		{4238D7E5-6CB6-43C5-B20E-26D674C34C6E}.Release|Any CPU.ActiveCfg = Release|Any CPU
		{4238D7E5-6CB6-43C5-B20E-26D674C34C6E}.Release|Any CPU.Build.0 = Release|Any CPU
	EndGlobalSection
	GlobalSection(SolutionProperties) = preSolution
		HideSolutionNode = FALSE
	EndGlobalSection
	GlobalSection(ExtensibilityGlobals) = postSolution
		SolutionGuid = {C21074DB-D067-42AE-86F3-910019D7E140}
	EndGlobalSection
EndGlobal
