
Microsoft Visual Studio Solution File, Format Version 12.00
# Visual Studio Version 17
VisualStudioVersion = 17.7.34202.233
MinimumVisualStudioVersion = 10.0.40219.1
Project("{FAE04EC0-301F-11D3-BF4B-00C04F79EFBC}") = "ConsoleWpfApp", "ConsoleWpfApp\ConsoleWpfApp.csproj", "{3E01A8E9-1595-4A4E-8116-8C4BA823329F}"
EndProject
Global
	GlobalSection(SolutionConfigurationPlatforms) = preSolution
		Debug|Any CPU = Debug|Any CPU
		Release|Any CPU = Release|Any CPU
	EndGlobalSection
	GlobalSection(ProjectConfigurationPlatforms) = postSolution
		{3E01A8E9-1595-4A4E-8116-8C4BA823329F}.Debug|Any CPU.ActiveCfg = Debug|Any CPU
		{3E01A8E9-1595-4A4E-8116-8C4BA823329F}.Debug|Any CPU.Build.0 = Debug|Any CPU
		{3E01A8E9-1595-4A4E-8116-8C4BA823329F}.Release|Any CPU.ActiveCfg = Release|Any CPU
		{3E01A8E9-1595-4A4E-8116-8C4BA823329F}.Release|Any CPU.Build.0 = Release|Any CPU
	EndGlobalSection
	GlobalSection(SolutionProperties) = preSolution
		HideSolutionNode = FALSE
	EndGlobalSection
	GlobalSection(ExtensibilityGlobals) = postSolution
		SolutionGuid = {75844333-F786-4CB4-8A3B-5BEFF9C43F35}
	EndGlobalSection
EndGlobal
