
Microsoft Visual Studio Solution File, Format Version 12.00
# Visual Studio Version 17
VisualStudioVersion = 17.7.34202.233
MinimumVisualStudioVersion = 10.0.40219.1
Project("{FAE04EC0-301F-11D3-BF4B-00C04F79EFBC}") = "CollectionApp", "CollectionApp\CollectionApp.csproj", "{AD785688-578A-4663-92FE-844BC739E251}"
EndProject
Global
	GlobalSection(SolutionConfigurationPlatforms) = preSolution
		Debug|Any CPU = Debug|Any CPU
		Release|Any CPU = Release|Any CPU
	EndGlobalSection
	GlobalSection(ProjectConfigurationPlatforms) = postSolution
		{AD785688-578A-4663-92FE-844BC739E251}.Debug|Any CPU.ActiveCfg = Debug|Any CPU
		{AD785688-578A-4663-92FE-844BC739E251}.Debug|Any CPU.Build.0 = Debug|Any CPU
		{AD785688-578A-4663-92FE-844BC739E251}.Release|Any CPU.ActiveCfg = Release|Any CPU
		{AD785688-578A-4663-92FE-844BC739E251}.Release|Any CPU.Build.0 = Release|Any CPU
	EndGlobalSection
	GlobalSection(SolutionProperties) = preSolution
		HideSolutionNode = FALSE
	EndGlobalSection
	GlobalSection(ExtensibilityGlobals) = postSolution
		SolutionGuid = {939F0149-D03D-4724-8A8A-6191D8B2198F}
	EndGlobalSection
EndGlobal
