
Microsoft Visual Studio Solution File, Format Version 12.00
# Visual Studio Version 17
VisualStudioVersion = 17.7.34202.233
MinimumVisualStudioVersion = 10.0.40219.1
Project("{FAE04EC0-301F-11D3-BF4B-00C04F79EFBC}") = "RectangleEncapsulationApp", "RectangleEncapsulationApp\RectangleEncapsulationApp.csproj", "{680C74F4-0CED-477F-BB12-429C30F01B48}"
EndProject
Global
	GlobalSection(SolutionConfigurationPlatforms) = preSolution
		Debug|Any CPU = Debug|Any CPU
		Release|Any CPU = Release|Any CPU
	EndGlobalSection
	GlobalSection(ProjectConfigurationPlatforms) = postSolution
		{680C74F4-0CED-477F-BB12-429C30F01B48}.Debug|Any CPU.ActiveCfg = Debug|Any CPU
		{680C74F4-0CED-477F-BB12-429C30F01B48}.Debug|Any CPU.Build.0 = Debug|Any CPU
		{680C74F4-0CED-477F-BB12-429C30F01B48}.Release|Any CPU.ActiveCfg = Release|Any CPU
		{680C74F4-0CED-477F-BB12-429C30F01B48}.Release|Any CPU.Build.0 = Release|Any CPU
	EndGlobalSection
	GlobalSection(SolutionProperties) = preSolution
		HideSolutionNode = FALSE
	EndGlobalSection
	GlobalSection(ExtensibilityGlobals) = postSolution
		SolutionGuid = {EA55C20C-1890-429B-A3AA-D34100D73D57}
	EndGlobalSection
EndGlobal
