
Microsoft Visual Studio Solution File, Format Version 12.00
# Visual Studio Version 17
VisualStudioVersion = 17.7.34202.233
MinimumVisualStudioVersion = 10.0.40219.1
Project("{FAE04EC0-301F-11D3-BF4B-00C04F79EFBC}") = "HtmlFileREadWriterApp", "HtmlFileREadWriterApp\HtmlFileREadWriterApp.csproj", "{4593E097-B1DA-4AF9-B41E-0A91E8AE8F97}"
EndProject
Global
	GlobalSection(SolutionConfigurationPlatforms) = preSolution
		Debug|Any CPU = Debug|Any CPU
		Release|Any CPU = Release|Any CPU
	EndGlobalSection
	GlobalSection(ProjectConfigurationPlatforms) = postSolution
		{4593E097-B1DA-4AF9-B41E-0A91E8AE8F97}.Debug|Any CPU.ActiveCfg = Debug|Any CPU
		{4593E097-B1DA-4AF9-B41E-0A91E8AE8F97}.Debug|Any CPU.Build.0 = Debug|Any CPU
		{4593E097-B1DA-4AF9-B41E-0A91E8AE8F97}.Release|Any CPU.ActiveCfg = Release|Any CPU
		{4593E097-B1DA-4AF9-B41E-0A91E8AE8F97}.Release|Any CPU.Build.0 = Release|Any CPU
	EndGlobalSection
	GlobalSection(SolutionProperties) = preSolution
		HideSolutionNode = FALSE
	EndGlobalSection
	GlobalSection(ExtensibilityGlobals) = postSolution
		SolutionGuid = {3B8ECCF6-97B3-4F5D-8A9B-CCE434B30E4D}
	EndGlobalSection
EndGlobal
