
Microsoft Visual Studio Solution File, Format Version 12.00
# Visual Studio Version 17
VisualStudioVersion = 17.7.34202.233
MinimumVisualStudioVersion = 10.0.40219.1
Project("{FAE04EC0-301F-11D3-BF4B-00C04F79EFBC}") = "CustomerEqualsToStringApp", "CustomerEqualsToStringApp\CustomerEqualsToStringApp.csproj", "{25CAC343-6C63-4AAD-A97A-01A3AEC5A034}"
EndProject
Global
	GlobalSection(SolutionConfigurationPlatforms) = preSolution
		Debug|Any CPU = Debug|Any CPU
		Release|Any CPU = Release|Any CPU
	EndGlobalSection
	GlobalSection(ProjectConfigurationPlatforms) = postSolution
		{25CAC343-6C63-4AAD-A97A-01A3AEC5A034}.Debug|Any CPU.ActiveCfg = Debug|Any CPU
		{25CAC343-6C63-4AAD-A97A-01A3AEC5A034}.Debug|Any CPU.Build.0 = Debug|Any CPU
		{25CAC343-6C63-4AAD-A97A-01A3AEC5A034}.Release|Any CPU.ActiveCfg = Release|Any CPU
		{25CAC343-6C63-4AAD-A97A-01A3AEC5A034}.Release|Any CPU.Build.0 = Release|Any CPU
	EndGlobalSection
	GlobalSection(SolutionProperties) = preSolution
		HideSolutionNode = FALSE
	EndGlobalSection
	GlobalSection(ExtensibilityGlobals) = postSolution
		SolutionGuid = {ADC022AC-D5F4-4237-84DF-0D21BC013A09}
	EndGlobalSection
EndGlobal
